
Microsoft Visual Studio Solution File, Format Version 12.00
# Visual Studio Version 17
VisualStudioVersion = 17.9.34622.214
MinimumVisualStudioVersion = 10.0.40219.1
Project("{FAE04EC0-301F-11D3-BF4B-00C04F79EFBC}") = "WebShop.GraphQL.API", "WebShop.GraphQL.API.csproj", "{FC158685-642C-4965-88C3-BCB767DEE465}"
EndProject
Global
	GlobalSection(SolutionConfigurationPlatforms) = preSolution
		Debug|Any CPU = Debug|Any CPU
		Release|Any CPU = Release|Any CPU
	EndGlobalSection
	GlobalSection(ProjectConfigurationPlatforms) = postSolution
		{FC158685-642C-4965-88C3-BCB767DEE465}.Debug|Any CPU.ActiveCfg = Debug|Any CPU
		{FC158685-642C-4965-88C3-BCB767DEE465}.Debug|Any CPU.Build.0 = Debug|Any CPU
		{FC158685-642C-4965-88C3-BCB767DEE465}.Release|Any CPU.ActiveCfg = Release|Any CPU
		{FC158685-642C-4965-88C3-BCB767DEE465}.Release|Any CPU.Build.0 = Release|Any CPU
	EndGlobalSection
	GlobalSection(SolutionProperties) = preSolution
		HideSolutionNode = FALSE
	EndGlobalSection
	GlobalSection(ExtensibilityGlobals) = postSolution
		SolutionGuid = {0DD92960-5B5C-4228-95EA-CBE5F21A823B}
	EndGlobalSection
EndGlobal
